<?xml version="1.0" encoding="utf-8"?>
<Project ToolsVersion="4.0" xmlns="http://schemas.microsoft.com/developer/msbuild/2003">
  <ItemGroup>
    <Filter Include="Header">
      <UniqueIdentifier>{fbf7c1e4-3381-4694-b1fd-48d7412f0ef2}</UniqueIdentifier>
    </Filter>
    <Filter Include="Effect">
      <UniqueIdentifier>{8784c7c6-cb0a-4c64-a764-9295ffdee74b}</UniqueIdentifier>
    </Filter>
    <Filter Include="Source">
      <UniqueIdentifier>{92197ad2-09aa-40a0-8acb-99bc9b2674aa}</UniqueIdentifier>
    </Filter>
    <Filter Include="Filter">
      <UniqueIdentifier>{9f20db88-d56e-497d-ae56-659b207dda23}</UniqueIdentifier>
    </Filter>
    <Filter Include="Filter%28CPU%29">
      <UniqueIdentifier>{df97b1e3-2ed9-4934-a21e-872c2fd4983c}</UniqueIdentifier>
    </Filter>
    <Filter Include="Gadgets">
      <UniqueIdentifier>{344b9fa7-915a-4052-b99f-8c4c3044385b}</UniqueIdentifier>
    </Filter>
  </ItemGroup>
  <ItemGroup>
    <ClInclude Include="CUDAlib.cuh">
      <Filter>Header</Filter>
    </ClInclude>
    <ClInclude Include="Filter.cuh">
      <Filter>Header</Filter>
    </ClInclude>
    <ClInclude Include="AudioEntry.h">
      <Filter>Header</Filter>
    </ClInclude>
    <ClInclude Include="WAVHandler.h">
      <Filter>Header</Filter>
    </ClInclude>
    <ClInclude Include="WAVFilter.h">
      <Filter>Header</Filter>
    </ClInclude>
  </ItemGroup>
  <ItemGroup>
    <CudaCompile Include="Echo.cu">
      <Filter>Filter</Filter>
    </CudaCompile>
    <CudaCompile Include="program.cpp">
      <Filter>Source</Filter>
    </CudaCompile>
  </ItemGroup>
  <ItemGroup>
    <ClCompile Include="Echo.cpp">
      <Filter>Filter%28CPU%29</Filter>
    </ClCompile>
    <ClCompile Include="WAVHandler.cpp">
      <Filter>Source</Filter>
    </ClCompile>
    <ClCompile Include="utils\Gadgets.h">
      <Filter>Header</Filter>
    </ClCompile>
    <ClCompile Include="utils\FindExtender.cpp">
      <Filter>Gadgets</Filter>
    </ClCompile>
    <ClCompile Include="SineGenerator.cpp">
      <Filter>Effect</Filter>
    </ClCompile>
  </ItemGroup>
</Project>